
Microsoft Visual Studio Solution File, Format Version 12.00
# Visual Studio Version 17
VisualStudioVersion = 17.4.33213.308
MinimumVisualStudioVersion = 10.0.40219.1
Project("{FAE04EC0-301F-11D3-BF4B-00C04F79EFBC}") = "6", "6\6.csproj", "{57A18A74-7198-42F3-9A2C-61BB14988A72}"
EndProject
Global
	GlobalSection(SolutionConfigurationPlatforms) = preSolution
		Debug|Any CPU = Debug|Any CPU
		Release|Any CPU = Release|Any CPU
	EndGlobalSection
	GlobalSection(ProjectConfigurationPlatforms) = postSolution
		{57A18A74-7198-42F3-9A2C-61BB14988A72}.Debug|Any CPU.ActiveCfg = Debug|Any CPU
		{57A18A74-7198-42F3-9A2C-61BB14988A72}.Debug|Any CPU.Build.0 = Debug|Any CPU
		{57A18A74-7198-42F3-9A2C-61BB14988A72}.Release|Any CPU.ActiveCfg = Release|Any CPU
		{57A18A74-7198-42F3-9A2C-61BB14988A72}.Release|Any CPU.Build.0 = Release|Any CPU
	EndGlobalSection
	GlobalSection(SolutionProperties) = preSolution
		HideSolutionNode = FALSE
	EndGlobalSection
	GlobalSection(ExtensibilityGlobals) = postSolution
		SolutionGuid = {49AF55F9-02E4-487B-BC7D-6EB0B0E67250}
	EndGlobalSection
EndGlobal
